
Microsoft Visual Studio Solution File, Format Version 12.00
Project("{FAE04EC0-301F-11D3-BF4B-00C04F79EFBC}") = "PsychoEngine", "PsychoEngine\PsychoEngine.csproj", "{A13B99A6-A964-4D09-93D2-2974F1122CFB}"
EndProject
Project("{FAE04EC0-301F-11D3-BF4B-00C04F79EFBC}") = "FNA.Core", "..\..\Cloned\FNA\FNA.Core.csproj", "{9F0E4ECB-3E0E-4152-A6F2-D9A575B680E1}"
EndProject
Project("{FAE04EC0-301F-11D3-BF4B-00C04F79EFBC}") = "SampleGame", "SampleGame\SampleGame.csproj", "{30C8E8D2-8DC0-411C-A829-842FAEE8B074}"
EndProject
Project("{FAE04EC0-301F-11D3-BF4B-00C04F79EFBC}") = "ImGuiXNA", "ImGuiXNA\ImGuiXNA.csproj", "{60708032-C4B3-46B9-ACDD-C464182C3DD2}"
EndProject
Global
	GlobalSection(SolutionConfigurationPlatforms) = preSolution
		Debug|Any CPU = Debug|Any CPU
		Release|Any CPU = Release|Any CPU
	EndGlobalSection
	GlobalSection(ProjectConfigurationPlatforms) = postSolution
		{A13B99A6-A964-4D09-93D2-2974F1122CFB}.Debug|Any CPU.ActiveCfg = Debug|Any CPU
		{A13B99A6-A964-4D09-93D2-2974F1122CFB}.Debug|Any CPU.Build.0 = Debug|Any CPU
		{A13B99A6-A964-4D09-93D2-2974F1122CFB}.Release|Any CPU.ActiveCfg = Release|Any CPU
		{A13B99A6-A964-4D09-93D2-2974F1122CFB}.Release|Any CPU.Build.0 = Release|Any CPU
		{9F0E4ECB-3E0E-4152-A6F2-D9A575B680E1}.Debug|Any CPU.ActiveCfg = Debug|Any CPU
		{9F0E4ECB-3E0E-4152-A6F2-D9A575B680E1}.Debug|Any CPU.Build.0 = Debug|Any CPU
		{9F0E4ECB-3E0E-4152-A6F2-D9A575B680E1}.Release|Any CPU.ActiveCfg = Release|Any CPU
		{9F0E4ECB-3E0E-4152-A6F2-D9A575B680E1}.Release|Any CPU.Build.0 = Release|Any CPU
		{30C8E8D2-8DC0-411C-A829-842FAEE8B074}.Debug|Any CPU.ActiveCfg = Debug|Any CPU
		{30C8E8D2-8DC0-411C-A829-842FAEE8B074}.Debug|Any CPU.Build.0 = Debug|Any CPU
		{30C8E8D2-8DC0-411C-A829-842FAEE8B074}.Release|Any CPU.ActiveCfg = Release|Any CPU
		{30C8E8D2-8DC0-411C-A829-842FAEE8B074}.Release|Any CPU.Build.0 = Release|Any CPU
		{60708032-C4B3-46B9-ACDD-C464182C3DD2}.Debug|Any CPU.ActiveCfg = Debug|Any CPU
		{60708032-C4B3-46B9-ACDD-C464182C3DD2}.Debug|Any CPU.Build.0 = Debug|Any CPU
		{60708032-C4B3-46B9-ACDD-C464182C3DD2}.Release|Any CPU.ActiveCfg = Release|Any CPU
		{60708032-C4B3-46B9-ACDD-C464182C3DD2}.Release|Any CPU.Build.0 = Release|Any CPU
	EndGlobalSection
EndGlobal
